// !$*UTF8*$!
{
	archiveVersion = 1;
	classes = {
	};
	objectVersion = 56;
	objects = {

/* Begin PBXBuildFile section */
		D0A7FA512963E82C00D7C6A2 /* AppDelegate.swift in Sources */ = {isa = PBXBuildFile; fileRef = D0A7FA502963E82C00D7C6A2 /* AppDelegate.swift */; };
		D0A7FA532963E82C00D7C6A2 /* SceneDelegate.swift in Sources */ = {isa = PBXBuildFile; fileRef = D0A7FA522963E82C00D7C6A2 /* SceneDelegate.swift */; };
		D0A7FA552963E82C00D7C6A2 /* ViewController.swift in Sources */ = {isa = PBXBuildFile; fileRef = D0A7FA542963E82C00D7C6A2 /* ViewController.swift */; };
		D0A7FA582963E82C00D7C6A2 /* Main.storyboard in Resources */ = {isa = PBXBuildFile; fileRef = D0A7FA562963E82C00D7C6A2 /* Main.storyboard */; };
		D0A7FA5A2963E82D00D7C6A2 /* Assets.xcassets in Resources */ = {isa = PBXBuildFile; fileRef = D0A7FA592963E82D00D7C6A2 /* Assets.xcassets */; };
		D0A7FA5D2963E82D00D7C6A2 /* LaunchScreen.storyboard in Resources */ = {isa = PBXBuildFile; fileRef = D0A7FA5B2963E82D00D7C6A2 /* LaunchScreen.storyboard */; };
		D0A7FA682963E82D00D7C6A2 /* dhcardsTests.swift in Sources */ = {isa = PBXBuildFile; fileRef = D0A7FA672963E82D00D7C6A2 /* dhcardsTests.swift */; };
		D0A7FA722963E82D00D7C6A2 /* dhcardsUITests.swift in Sources */ = {isa = PBXBuildFile; fileRef = D0A7FA712963E82D00D7C6A2 /* dhcardsUITests.swift */; };
		D0A7FA742963E82D00D7C6A2 /* dhcardsUITestsLaunchTests.swift in Sources */ = {isa = PBXBuildFile; fileRef = D0A7FA732963E82D00D7C6A2 /* dhcardsUITestsLaunchTests.swift */; };
/* End PBXBuildFile section */

/* Begin PBXContainerItemProxy section */
		D0A7FA642963E82D00D7C6A2 /* PBXContainerItemProxy */ = {
			isa = PBXContainerItemProxy;
			containerPortal = D0A7FA452963E82C00D7C6A2 /* Project object */;
			proxyType = 1;
			remoteGlobalIDString = D0A7FA4C2963E82C00D7C6A2;
			remoteInfo = dhcards;
		};
		D0A7FA6E2963E82D00D7C6A2 /* PBXContainerItemProxy */ = {
			isa = PBXContainerItemProxy;
			containerPortal = D0A7FA452963E82C00D7C6A2 /* Project object */;
			proxyType = 1;
			remoteGlobalIDString = D0A7FA4C2963E82C00D7C6A2;
			remoteInfo = dhcards;
		};
/* End PBXContainerItemProxy section */

/* Begin PBXFileReference section */
		D0A7FA4D2963E82C00D7C6A2 /* dhcards.app */ = {isa = PBXFileReference; explicitFileType = wrapper.application; includeInIndex = 0; path = dhcards.app; sourceTree = BUILT_PRODUCTS_DIR; };
		D0A7FA502963E82C00D7C6A2 /* AppDelegate.swift */ = {isa = PBXFileReference; lastKnownFileType = sourcecode.swift; path = AppDelegate.swift; sourceTree = "<group>"; };
		D0A7FA522963E82C00D7C6A2 /* SceneDelegate.swift */ = {isa = PBXFileReference; lastKnownFileType = sourcecode.swift; path = SceneDelegate.swift; sourceTree = "<group>"; };
		D0A7FA542963E82C00D7C6A2 /* ViewController.swift */ = {isa = PBXFileReference; lastKnownFileType = sourcecode.swift; path = ViewController.swift; sourceTree = "<group>"; };
		D0A7FA572963E82C00D7C6A2 /* Base */ = {isa = PBXFileReference; lastKnownFileType = file.storyboard; name = Base; path = Base.lproj/Main.storyboard; sourceTree = "<group>"; };
		D0A7FA592963E82D00D7C6A2 /* Assets.xcassets */ = {isa = PBXFileReference; lastKnownFileType = folder.assetcatalog; path = Assets.xcassets; sourceTree = "<group>"; };
		D0A7FA5C2963E82D00D7C6A2 /* Base */ = {isa = PBXFileReference; lastKnownFileType = file.storyboard; name = Base; path = Base.lproj/LaunchScreen.storyboard; sourceTree = "<group>"; };
		D0A7FA5E2963E82D00D7C6A2 /* Info.plist */ = {isa = PBXFileReference; lastKnownFileType = text.plist.xml; path = Info.plist; sourceTree = "<group>"; };
		D0A7FA632963E82D00D7C6A2 /* dhcardsTests.xctest */ = {isa = PBXFileReference; explicitFileType = wrapper.cfbundle; includeInIndex = 0; path = dhcardsTests.xctest; sourceTree = BUILT_PRODUCTS_DIR; };
		D0A7FA672963E82D00D7C6A2 /* dhcardsTests.swift */ = {isa = PBXFileReference; lastKnownFileType = sourcecode.swift; path = dhcardsTests.swift; sourceTree = "<group>"; };
		D0A7FA6D2963E82D00D7C6A2 /* dhcardsUITests.xctest */ = {isa = PBXFileReference; explicitFileType = wrapper.cfbundle; includeInIndex = 0; path = dhcardsUITests.xctest; sourceTree = BUILT_PRODUCTS_DIR; };
		D0A7FA712963E82D00D7C6A2 /* dhcardsUITests.swift */ = {isa = PBXFileReference; lastKnownFileType = sourcecode.swift; path = dhcardsUITests.swift; sourceTree = "<group>"; };
		D0A7FA732963E82D00D7C6A2 /* dhcardsUITestsLaunchTests.swift */ = {isa = PBXFileReference; lastKnownFileType = sourcecode.swift; path = dhcardsUITestsLaunchTests.swift; sourceTree = "<group>"; };
/* End PBXFileReference section */

/* Begin PBXFrameworksBuildPhase section */
		D0A7FA4A2963E82C00D7C6A2 /* Frameworks */ = {
			isa = PBXFrameworksBuildPhase;
			buildActionMask = 2147483647;
			files = (
			);
			runOnlyForDeploymentPostprocessing = 0;
		};
		D0A7FA602963E82D00D7C6A2 /* Frameworks */ = {
			isa = PBXFrameworksBuildPhase;
			buildActionMask = 2147483647;
			files = (
			);
			runOnlyForDeploymentPostprocessing = 0;
		};
		D0A7FA6A2963E82D00D7C6A2 /* Frameworks */ = {
			isa = PBXFrameworksBuildPhase;
			buildActionMask = 2147483647;
			files = (
			);
			runOnlyForDeploymentPostprocessing = 0;
		};
/* End PBXFrameworksBuildPhase section */

/* Begin PBXGroup section */
		D0A7FA442963E82C00D7C6A2 = {
			isa = PBXGroup;
			children = (
				D0A7FA4F2963E82C00D7C6A2 /* dhcards */,
				D0A7FA662963E82D00D7C6A2 /* dhcardsTests */,
				D0A7FA702963E82D00D7C6A2 /* dhcardsUITests */,
				D0A7FA4E2963E82C00D7C6A2 /* Products */,
			);
			sourceTree = "<group>";
		};
		D0A7FA4E2963E82C00D7C6A2 /* Products */ = {
			isa = PBXGroup;
			children = (
				D0A7FA4D2963E82C00D7C6A2 /* dhcards.app */,
				D0A7FA632963E82D00D7C6A2 /* dhcardsTests.xctest */,
				D0A7FA6D2963E82D00D7C6A2 /* dhcardsUITests.xctest */,
			);
			name = Products;
			sourceTree = "<group>";
		};
		D0A7FA4F2963E82C00D7C6A2 /* dhcards */ = {
			isa = PBXGroup;
			children = (
				D0A7FA502963E82C00D7C6A2 /* AppDelegate.swift */,
				D0A7FA522963E82C00D7C6A2 /* SceneDelegate.swift */,
				D0A7FA542963E82C00D7C6A2 /* ViewController.swift */,
				D0A7FA562963E82C00D7C6A2 /* Main.storyboard */,
				D0A7FA592963E82D00D7C6A2 /* Assets.xcassets */,
				D0A7FA5B2963E82D00D7C6A2 /* LaunchScreen.storyboard */,
				D0A7FA5E2963E82D00D7C6A2 /* Info.plist */,
			);
			path = dhcards;
			sourceTree = "<group>";
		};
		D0A7FA662963E82D00D7C6A2 /* dhcardsTests */ = {
			isa = PBXGroup;
			children = (
				D0A7FA672963E82D00D7C6A2 /* dhcardsTests.swift */,
			);
			path = dhcardsTests;
			sourceTree = "<group>";
		};
		D0A7FA702963E82D00D7C6A2 /* dhcardsUITests */ = {
			isa = PBXGroup;
			children = (
				D0A7FA712963E82D00D7C6A2 /* dhcardsUITests.swift */,
				D0A7FA732963E82D00D7C6A2 /* dhcardsUITestsLaunchTests.swift */,
			);
			path = dhcardsUITests;
			sourceTree = "<group>";
		};
/* End PBXGroup section */

/* Begin PBXNativeTarget section */
		D0A7FA4C2963E82C00D7C6A2 /* dhcards */ = {
			isa = PBXNativeTarget;
			buildConfigurationList = D0A7FA772963E82D00D7C6A2 /* Build configuration list for PBXNativeTarget "dhcards" */;
			buildPhases = (
				D0A7FA492963E82C00D7C6A2 /* Sources */,
				D0A7FA4A2963E82C00D7C6A2 /* Frameworks */,
				D0A7FA4B2963E82C00D7C6A2 /* Resources */,
			);
			buildRules = (
			);
			dependencies = (
			);
			name = dhcards;
			productName = dhcards;
			productReference = D0A7FA4D2963E82C00D7C6A2 /* dhcards.app */;
			productType = "com.apple.product-type.application";
		};
		D0A7FA622963E82D00D7C6A2 /* dhcardsTests */ = {
			isa = PBXNativeTarget;
			buildConfigurationList = D0A7FA7A2963E82D00D7C6A2 /* Build configuration list for PBXNativeTarget "dhcardsTests" */;
			buildPhases = (
				D0A7FA5F2963E82D00D7C6A2 /* Sources */,
				D0A7FA602963E82D00D7C6A2 /* Frameworks */,
				D0A7FA612963E82D00D7C6A2 /* Resources */,
			);
			buildRules = (
			);
			dependencies = (
				D0A7FA652963E82D00D7C6A2 /* PBXTargetDependency */,
			);
			name = dhcardsTests;
			productName = dhcardsTests;
			productReference = D0A7FA632963E82D00D7C6A2 /* dhcardsTests.xctest */;
			productType = "com.apple.product-type.bundle.unit-test";
		};
		D0A7FA6C2963E82D00D7C6A2 /* dhcardsUITests */ = {
			isa = PBXNativeTarget;
			buildConfigurationList = D0A7FA7D2963E82D00D7C6A2 /* Build configuration list for PBXNativeTarget "dhcardsUITests" */;
			buildPhases = (
				D0A7FA692963E82D00D7C6A2 /* Sources */,
				D0A7FA6A2963E82D00D7C6A2 /* Frameworks */,
				D0A7FA6B2963E82D00D7C6A2 /* Resources */,
			);
			buildRules = (
			);
			dependencies = (
				D0A7FA6F2963E82D00D7C6A2 /* PBXTargetDependency */,
			);
			name = dhcardsUITests;
			productName = dhcardsUITests;
			productReference = D0A7FA6D2963E82D00D7C6A2 /* dhcardsUITests.xctest */;
			productType = "com.apple.product-type.bundle.ui-testing";
		};
/* End PBXNativeTarget section */

/* Begin PBXProject section */
		D0A7FA452963E82C00D7C6A2 /* Project object */ = {
			isa = PBXProject;
			attributes = {
				BuildIndependentTargetsInParallel = 1;
				LastSwiftUpdateCheck = 1410;
				LastUpgradeCheck = 1410;
				TargetAttributes = {
					D0A7FA4C2963E82C00D7C6A2 = {
						CreatedOnToolsVersion = 14.1;
					};
					D0A7FA622963E82D00D7C6A2 = {
						CreatedOnToolsVersion = 14.1;
						TestTargetID = D0A7FA4C2963E82C00D7C6A2;
					};
					D0A7FA6C2963E82D00D7C6A2 = {
						CreatedOnToolsVersion = 14.1;
						TestTargetID = D0A7FA4C2963E82C00D7C6A2;
					};
				};
			};
			buildConfigurationList = D0A7FA482963E82C00D7C6A2 /* Build configuration list for PBXProject "dhcards" */;
			compatibilityVersion = "Xcode 14.0";
			developmentRegion = en;
			hasScannedForEncodings = 0;
			knownRegions = (
				en,
				Base,
			);
			mainGroup = D0A7FA442963E82C00D7C6A2;
			productRefGroup = D0A7FA4E2963E82C00D7C6A2 /* Products */;
			projectDirPath = "";
			projectRoot = "";
			targets = (
				D0A7FA4C2963E82C00D7C6A2 /* dhcards */,
				D0A7FA622963E82D00D7C6A2 /* dhcardsTests */,
				D0A7FA6C2963E82D00D7C6A2 /* dhcardsUITests */,
			);
		};
/* End PBXProject section */

/* Begin PBXResourcesBuildPhase section */
		D0A7FA4B2963E82C00D7C6A2 /* Resources */ = {
			isa = PBXResourcesBuildPhase;
			buildActionMask = 2147483647;
			files = (
				D0A7FA5D2963E82D00D7C6A2 /* LaunchScreen.storyboard in Resources */,
				D0A7FA5A2963E82D00D7C6A2 /* Assets.xcassets in Resources */,
				D0A7FA582963E82C00D7C6A2 /* Main.storyboard in Resources */,
			);
			runOnlyForDeploymentPostprocessing = 0;
		};
		D0A7FA612963E82D00D7C6A2 /* Resources */ = {
			isa = PBXResourcesBuildPhase;
			buildActionMask = 2147483647;
			files = (
			);
			runOnlyForDeploymentPostprocessing = 0;
		};
		D0A7FA6B2963E82D00D7C6A2 /* Resources */ = {
			isa = PBXResourcesBuildPhase;
			buildActionMask = 2147483647;
			files = (
			);
			runOnlyForDeploymentPostprocessing = 0;
		};
/* End PBXResourcesBuildPhase section */

/* Begin PBXSourcesBuildPhase section */
		D0A7FA492963E82C00D7C6A2 /* Sources */ = {
			isa = PBXSourcesBuildPhase;
			buildActionMask = 2147483647;
			files = (
				D0A7FA552963E82C00D7C6A2 /* ViewController.swift in Sources */,
				D0A7FA512963E82C00D7C6A2 /* AppDelegate.swift in Sources */,
				D0A7FA532963E82C00D7C6A2 /* SceneDelegate.swift in Sources */,
			);
			runOnlyForDeploymentPostprocessing = 0;
		};
		D0A7FA5F2963E82D00D7C6A2 /* Sources */ = {
			isa = PBXSourcesBuildPhase;
			buildActionMask = 2147483647;
			files = (
				D0A7FA682963E82D00D7C6A2 /* dhcardsTests.swift in Sources */,
			);
			runOnlyForDeploymentPostprocessing = 0;
		};
		D0A7FA692963E82D00D7C6A2 /* Sources */ = {
			isa = PBXSourcesBuildPhase;
			buildActionMask = 2147483647;
			files = (
				D0A7FA742963E82D00D7C6A2 /* dhcardsUITestsLaunchTests.swift in Sources */,
				D0A7FA722963E82D00D7C6A2 /* dhcardsUITests.swift in Sources */,
			);
			runOnlyForDeploymentPostprocessing = 0;
		};
/* End PBXSourcesBuildPhase section */

/* Begin PBXTargetDependency section */
		D0A7FA652963E82D00D7C6A2 /* PBXTargetDependency */ = {
			isa = PBXTargetDependency;
			target = D0A7FA4C2963E82C00D7C6A2 /* dhcards */;
			targetProxy = D0A7FA642963E82D00D7C6A2 /* PBXContainerItemProxy */;
		};
		D0A7FA6F2963E82D00D7C6A2 /* PBXTargetDependency */ = {
			isa = PBXTargetDependency;
			target = D0A7FA4C2963E82C00D7C6A2 /* dhcards */;
			targetProxy = D0A7FA6E2963E82D00D7C6A2 /* PBXContainerItemProxy */;
		};
/* End PBXTargetDependency section */

/* Begin PBXVariantGroup section */
		D0A7FA562963E82C00D7C6A2 /* Main.storyboard */ = {
			isa = PBXVariantGroup;
			children = (
				D0A7FA572963E82C00D7C6A2 /* Base */,
			);
			name = Main.storyboard;
			sourceTree = "<group>";
		};
		D0A7FA5B2963E82D00D7C6A2 /* LaunchScreen.storyboard */ = {
			isa = PBXVariantGroup;
			children = (
				D0A7FA5C2963E82D00D7C6A2 /* Base */,
			);
			name = LaunchScreen.storyboard;
			sourceTree = "<group>";
		};
/* End PBXVariantGroup section */

/* Begin XCBuildConfiguration section */
		D0A7FA752963E82D00D7C6A2 /* Debug */ = {
			isa = XCBuildConfiguration;
			buildSettings = {
				ALWAYS_SEARCH_USER_PATHS = NO;
				CLANG_ANALYZER_NONNULL = YES;
				CLANG_ANALYZER_NUMBER_OBJECT_CONVERSION = YES_AGGRESSIVE;
				CLANG_CXX_LANGUAGE_STANDARD = "gnu++20";
				CLANG_ENABLE_MODULES = YES;
				CLANG_ENABLE_OBJC_ARC = YES;
				CLANG_ENABLE_OBJC_WEAK = YES;
				CLANG_WARN_BLOCK_CAPTURE_AUTORELEASING = YES;
				CLANG_WARN_BOOL_CONVERSION = YES;
				CLANG_WARN_COMMA = YES;
				CLANG_WARN_CONSTANT_CONVERSION = YES;
				CLANG_WARN_DEPRECATED_OBJC_IMPLEMENTATIONS = YES;
				CLANG_WARN_DIRECT_OBJC_ISA_USAGE = YES_ERROR;
				CLANG_WARN_DOCUMENTATION_COMMENTS = YES;
				CLANG_WARN_EMPTY_BODY = YES;
				CLANG_WARN_ENUM_CONVERSION = YES;
				CLANG_WARN_INFINITE_RECURSION = YES;
				CLANG_WARN_INT_CONVERSION = YES;
				CLANG_WARN_NON_LITERAL_NULL_CONVERSION = YES;
				CLANG_WARN_OBJC_IMPLICIT_RETAIN_SELF = YES;
				CLANG_WARN_OBJC_LITERAL_CONVERSION = YES;
				CLANG_WARN_OBJC_ROOT_CLASS = YES_ERROR;
				CLANG_WARN_QUOTED_INCLUDE_IN_FRAMEWORK_HEADER = YES;
				CLANG_WARN_RANGE_LOOP_ANALYSIS = YES;
				CLANG_WARN_STRICT_PROTOTYPES = YES;
				CLANG_WARN_SUSPICIOUS_MOVE = YES;
				CLANG_WARN_UNGUARDED_AVAILABILITY = YES_AGGRESSIVE;
				CLANG_WARN_UNREACHABLE_CODE = YES;
				CLANG_WARN__DUPLICATE_METHOD_MATCH = YES;
				COPY_PHASE_STRIP = NO;
				DEBUG_INFORMATION_FORMAT = dwarf;
				ENABLE_STRICT_OBJC_MSGSEND = YES;
				ENABLE_TESTABILITY = YES;
				GCC_C_LANGUAGE_STANDARD = gnu11;
				GCC_DYNAMIC_NO_PIC = NO;
				GCC_NO_COMMON_BLOCKS = YES;
				GCC_OPTIMIZATION_LEVEL = 0;
				GCC_PREPROCESSOR_DEFINITIONS = (
					"DEBUG=1",
					"$(inherited)",
				);
				GCC_WARN_64_TO_32_BIT_CONVERSION = YES;
				GCC_WARN_ABOUT_RETURN_TYPE = YES_ERROR;
				GCC_WARN_UNDECLARED_SELECTOR = YES;
				GCC_WARN_UNINITIALIZED_AUTOS = YES_AGGRESSIVE;
				GCC_WARN_UNUSED_FUNCTION = YES;
				GCC_WARN_UNUSED_VARIABLE = YES;
				IPHONEOS_DEPLOYMENT_TARGET = 16.1;
				MTL_ENABLE_DEBUG_INFO = INCLUDE_SOURCE;
				MTL_FAST_MATH = YES;
				ONLY_ACTIVE_ARCH = YES;
				SDKROOT = iphoneos;
				SWIFT_ACTIVE_COMPILATION_CONDITIONS = DEBUG;
				SWIFT_OPTIMIZATION_LEVEL = "-Onone";
			};
			name = Debug;
		};
		D0A7FA762963E82D00D7C6A2 /* Release */ = {
			isa = XCBuildConfiguration;
			buildSettings = {
				ALWAYS_SEARCH_USER_PATHS = NO;
				CLANG_ANALYZER_NONNULL = YES;
				CLANG_ANALYZER_NUMBER_OBJECT_CONVERSION = YES_AGGRESSIVE;
				CLANG_CXX_LANGUAGE_STANDARD = "gnu++20";
				CLANG_ENABLE_MODULES = YES;
				CLANG_ENABLE_OBJC_ARC = YES;
				CLANG_ENABLE_OBJC_WEAK = YES;
				CLANG_WARN_BLOCK_CAPTURE_AUTORELEASING = YES;
				CLANG_WARN_BOOL_CONVERSION = YES;
				CLANG_WARN_COMMA = YES;
				CLANG_WARN_CONSTANT_CONVERSION = YES;
				CLANG_WARN_DEPRECATED_OBJC_IMPLEMENTATIONS = YES;
				CLANG_WARN_DIRECT_OBJC_ISA_USAGE = YES_ERROR;
				CLANG_WARN_DOCUMENTATION_COMMENTS = YES;
				CLANG_WARN_EMPTY_BODY = YES;
				CLANG_WARN_ENUM_CONVERSION = YES;
				CLANG_WARN_INFINITE_RECURSION = YES;
				CLANG_WARN_INT_CONVERSION = YES;
				CLANG_WARN_NON_LITERAL_NULL_CONVERSION = YES;
				CLANG_WARN_OBJC_IMPLICIT_RETAIN_SELF = YES;
				CLANG_WARN_OBJC_LITERAL_CONVERSION = YES;
				CLANG_WARN_OBJC_ROOT_CLASS = YES_ERROR;
				CLANG_WARN_QUOTED_INCLUDE_IN_FRAMEWORK_HEADER = YES;
				CLANG_WARN_RANGE_LOOP_ANALYSIS = YES;
				CLANG_WARN_STRICT_PROTOTYPES = YES;
				CLANG_WARN_SUSPICIOUS_MOVE = YES;
				CLANG_WARN_UNGUARDED_AVAILABILITY = YES_AGGRESSIVE;
				CLANG_WARN_UNREACHABLE_CODE = YES;
				CLANG_WARN__DUPLICATE_METHOD_MATCH = YES;
				COPY_PHASE_STRIP = NO;
				DEBUG_INFORMATION_FORMAT = "dwarf-with-dsym";
				ENABLE_NS_ASSERTIONS = NO;
				ENABLE_STRICT_OBJC_MSGSEND = YES;
				GCC_C_LANGUAGE_STANDARD = gnu11;
				GCC_NO_COMMON_BLOCKS = YES;
				GCC_WARN_64_TO_32_BIT_CONVERSION = YES;
				GCC_WARN_ABOUT_RETURN_TYPE = YES_ERROR;
				GCC_WARN_UNDECLARED_SELECTOR = YES;
				GCC_WARN_UNINITIALIZED_AUTOS = YES_AGGRESSIVE;
				GCC_WARN_UNUSED_FUNCTION = YES;
				GCC_WARN_UNUSED_VARIABLE = YES;
				IPHONEOS_DEPLOYMENT_TARGET = 16.1;
				MTL_ENABLE_DEBUG_INFO = NO;
				MTL_FAST_MATH = YES;
				SDKROOT = iphoneos;
				SWIFT_COMPILATION_MODE = wholemodule;
				SWIFT_OPTIMIZATION_LEVEL = "-O";
				VALIDATE_PRODUCT = YES;
			};
			name = Release;
		};
		D0A7FA782963E82D00D7C6A2 /* Debug */ = {
			isa = XCBuildConfiguration;
			buildSettings = {
				ASSETCATALOG_COMPILER_APPICON_NAME = AppIcon;
				ASSETCATALOG_COMPILER_GLOBAL_ACCENT_COLOR_NAME = AccentColor;
				CODE_SIGN_STYLE = Automatic;
				CURRENT_PROJECT_VERSION = 1;
				GENERATE_INFOPLIST_FILE = YES;
				INFOPLIST_FILE = dhcards/Info.plist;
				INFOPLIST_KEY_UIApplicationSupportsIndirectInputEvents = YES;
				INFOPLIST_KEY_UILaunchStoryboardName = LaunchScreen;
				INFOPLIST_KEY_UIMainStoryboardFile = Main;
				INFOPLIST_KEY_UISupportedInterfaceOrientations_iPad = "UIInterfaceOrientationPortrait UIInterfaceOrientationPortraitUpsideDown UIInterfaceOrientationLandscapeLeft UIInterfaceOrientationLandscapeRight";
				INFOPLIST_KEY_UISupportedInterfaceOrientations_iPhone = "UIInterfaceOrientationPortrait UIInterfaceOrientationLandscapeLeft UIInterfaceOrientationLandscapeRight";
				LD_RUNPATH_SEARCH_PATHS = (
					"$(inherited)",
					"@executable_path/Frameworks",
				);
				MARKETING_VERSION = 1.0;
				PRODUCT_BUNDLE_IDENTIFIER = abrilx.dhcards;
				PRODUCT_NAME = "$(TARGET_NAME)";
				SWIFT_EMIT_LOC_STRINGS = YES;
				SWIFT_VERSION = 5.0;
				TARGETED_DEVICE_FAMILY = "1,2";
			};
			name = Debug;
		};
		D0A7FA792963E82D00D7C6A2 /* Release */ = {
			isa = XCBuildConfiguration;
			buildSettings = {
				ASSETCATALOG_COMPILER_APPICON_NAME = AppIcon;
				ASSETCATALOG_COMPILER_GLOBAL_ACCENT_COLOR_NAME = AccentColor;
				CODE_SIGN_STYLE = Automatic;
				CURRENT_PROJECT_VERSION = 1;
				GENERATE_INFOPLIST_FILE = YES;
				INFOPLIST_FILE = dhcards/Info.plist;
				INFOPLIST_KEY_UIApplicationSupportsIndirectInputEvents = YES;
				INFOPLIST_KEY_UILaunchStoryboardName = LaunchScreen;
				INFOPLIST_KEY_UIMainStoryboardFile = Main;
				INFOPLIST_KEY_UISupportedInterfaceOrientations_iPad = "UIInterfaceOrientationPortrait UIInterfaceOrientationPortraitUpsideDown UIInterfaceOrientationLandscapeLeft UIInterfaceOrientationLandscapeRight";
				INFOPLIST_KEY_UISupportedInterfaceOrientations_iPhone = "UIInterfaceOrientationPortrait UIInterfaceOrientationLandscapeLeft UIInterfaceOrientationLandscapeRight";
				LD_RUNPATH_SEARCH_PATHS = (
					"$(inherited)",
					"@executable_path/Frameworks",
				);
				MARKETING_VERSION = 1.0;
				PRODUCT_BUNDLE_IDENTIFIER = abrilx.dhcards;
				PRODUCT_NAME = "$(TARGET_NAME)";
				SWIFT_EMIT_LOC_STRINGS = YES;
				SWIFT_VERSION = 5.0;
				TARGETED_DEVICE_FAMILY = "1,2";
			};
			name = Release;
		};
		D0A7FA7B2963E82D00D7C6A2 /* Debug */ = {
			isa = XCBuildConfiguration;
			buildSettings = {
				ALWAYS_EMBED_SWIFT_STANDARD_LIBRARIES = YES;
				BUNDLE_LOADER = "$(TEST_HOST)";
				CODE_SIGN_STYLE = Automatic;
				CURRENT_PROJECT_VERSION = 1;
				GENERATE_INFOPLIST_FILE = YES;
				IPHONEOS_DEPLOYMENT_TARGET = 16.1;
				MARKETING_VERSION = 1.0;
				PRODUCT_BUNDLE_IDENTIFIER = abrilx.dhcardsTests;
				PRODUCT_NAME = "$(TARGET_NAME)";
				SWIFT_EMIT_LOC_STRINGS = NO;
				SWIFT_VERSION = 5.0;
				TARGETED_DEVICE_FAMILY = "1,2";
				TEST_HOST = "$(BUILT_PRODUCTS_DIR)/dhcards.app/$(BUNDLE_EXECUTABLE_FOLDER_PATH)/dhcards";
			};
			name = Debug;
		};
		D0A7FA7C2963E82D00D7C6A2 /* Release */ = {
			isa = XCBuildConfiguration;
			buildSettings = {
				ALWAYS_EMBED_SWIFT_STANDARD_LIBRARIES = YES;
				BUNDLE_LOADER = "$(TEST_HOST)";
				CODE_SIGN_STYLE = Automatic;
				CURRENT_PROJECT_VERSION = 1;
				GENERATE_INFOPLIST_FILE = YES;
				IPHONEOS_DEPLOYMENT_TARGET = 16.1;
				MARKETING_VERSION = 1.0;
				PRODUCT_BUNDLE_IDENTIFIER = abrilx.dhcardsTests;
				PRODUCT_NAME = "$(TARGET_NAME)";
				SWIFT_EMIT_LOC_STRINGS = NO;
				SWIFT_VERSION = 5.0;
				TARGETED_DEVICE_FAMILY = "1,2";
				TEST_HOST = "$(BUILT_PRODUCTS_DIR)/dhcards.app/$(BUNDLE_EXECUTABLE_FOLDER_PATH)/dhcards";
			};
			name = Release;
		};
		D0A7FA7E2963E82D00D7C6A2 /* Debug */ = {
			isa = XCBuildConfiguration;
			buildSettings = {
				ALWAYS_EMBED_SWIFT_STANDARD_LIBRARIES = YES;
				CODE_SIGN_STYLE = Automatic;
				CURRENT_PROJECT_VERSION = 1;
				GENERATE_INFOPLIST_FILE = YES;
				MARKETING_VERSION = 1.0;
				PRODUCT_BUNDLE_IDENTIFIER = abrilx.dhcardsUITests;
				PRODUCT_NAME = "$(TARGET_NAME)";
				SWIFT_EMIT_LOC_STRINGS = NO;
				SWIFT_VERSION = 5.0;
				TARGETED_DEVICE_FAMILY = "1,2";
				TEST_TARGET_NAME = dhcards;
			};
			name = Debug;
		};
		D0A7FA7F2963E82D00D7C6A2 /* Release */ = {
			isa = XCBuildConfiguration;
			buildSettings = {
				ALWAYS_EMBED_SWIFT_STANDARD_LIBRARIES = YES;
				CODE_SIGN_STYLE = Automatic;
				CURRENT_PROJECT_VERSION = 1;
				GENERATE_INFOPLIST_FILE = YES;
				MARKETING_VERSION = 1.0;
				PRODUCT_BUNDLE_IDENTIFIER = abrilx.dhcardsUITests;
				PRODUCT_NAME = "$(TARGET_NAME)";
				SWIFT_EMIT_LOC_STRINGS = NO;
				SWIFT_VERSION = 5.0;
				TARGETED_DEVICE_FAMILY = "1,2";
				TEST_TARGET_NAME = dhcards;
			};
			name = Release;
		};
/* End XCBuildConfiguration section */

/* Begin XCConfigurationList section */
		D0A7FA482963E82C00D7C6A2 /* Build configuration list for PBXProject "dhcards" */ = {
			isa = XCConfigurationList;
			buildConfigurations = (
				D0A7FA752963E82D00D7C6A2 /* Debug */,
				D0A7FA762963E82D00D7C6A2 /* Release */,
			);
			defaultConfigurationIsVisible = 0;
			defaultConfigurationName = Release;
		};
		D0A7FA772963E82D00D7C6A2 /* Build configuration list for PBXNativeTarget "dhcards" */ = {
			isa = XCConfigurationList;
			buildConfigurations = (
				D0A7FA782963E82D00D7C6A2 /* Debug */,
				D0A7FA792963E82D00D7C6A2 /* Release */,
			);
			defaultConfigurationIsVisible = 0;
			defaultConfigurationName = Release;
		};
		D0A7FA7A2963E82D00D7C6A2 /* Build configuration list for PBXNativeTarget "dhcardsTests" */ = {
			isa = XCConfigurationList;
			buildConfigurations = (
				D0A7FA7B2963E82D00D7C6A2 /* Debug */,
				D0A7FA7C2963E82D00D7C6A2 /* Release */,
			);
			defaultConfigurationIsVisible = 0;
			defaultConfigurationName = Release;
		};
		D0A7FA7D2963E82D00D7C6A2 /* Build configuration list for PBXNativeTarget "dhcardsUITests" */ = {
			isa = XCConfigurationList;
			buildConfigurations = (
				D0A7FA7E2963E82D00D7C6A2 /* Debug */,
				D0A7FA7F2963E82D00D7C6A2 /* Release */,
			);
			defaultConfigurationIsVisible = 0;
			defaultConfigurationName = Release;
		};
/* End XCConfigurationList section */
	};
	rootObject = D0A7FA452963E82C00D7C6A2 /* Project object */;
}
